
Microsoft Visual Studio Solution File, Format Version 12.00
# Visual Studio 15
VisualStudioVersion = 15.0.27703.2042
MinimumVisualStudioVersion = 10.0.40219.1
Project("{FAE04EC0-301F-11D3-BF4B-00C04F79EFBC}") = "ClientProtOfSystem", "ClientProtOfSystem\ClientProtOfSystem.csproj", "{166DF71A-674C-4B21-BC82-9E74FF6669B1}"
EndProject
Global
	GlobalSection(SolutionConfigurationPlatforms) = preSolution
		Debug|Any CPU = Debug|Any CPU
		Release|Any CPU = Release|Any CPU
	EndGlobalSection
	GlobalSection(ProjectConfigurationPlatforms) = postSolution
		{166DF71A-674C-4B21-BC82-9E74FF6669B1}.Debug|Any CPU.ActiveCfg = Debug|Any CPU
		{166DF71A-674C-4B21-BC82-9E74FF6669B1}.Debug|Any CPU.Build.0 = Debug|Any CPU
		{166DF71A-674C-4B21-BC82-9E74FF6669B1}.Release|Any CPU.ActiveCfg = Release|Any CPU
		{166DF71A-674C-4B21-BC82-9E74FF6669B1}.Release|Any CPU.Build.0 = Release|Any CPU
	EndGlobalSection
	GlobalSection(SolutionProperties) = preSolution
		HideSolutionNode = FALSE
	EndGlobalSection
	GlobalSection(ExtensibilityGlobals) = postSolution
		SolutionGuid = {33647FD2-DA7F-4402-9232-EEFC1510DF99}
	EndGlobalSection
EndGlobal
